<?xml version="1.0" encoding="utf-8"?>
<Project ToolsVersion="4.0" xmlns="http://schemas.microsoft.com/developer/msbuild/2003">
  <ItemGroup>
    <Filter Include="Source">
      <UniqueIdentifier>{f36147b0-65d6-4ecc-9683-2224e0a1d1ab}</UniqueIdentifier>
    </Filter>
    <Filter Include="InfernoEngine">
      <UniqueIdentifier>{6f773d9c-408b-4b90-853a-f7f43974c844}</UniqueIdentifier>
    </Filter>
    <Filter Include="Resource">
      <UniqueIdentifier>{9be636cc-7895-4aa7-8581-d4d452851a01}</UniqueIdentifier>
    </Filter>
  </ItemGroup>
  <ItemGroup>
    <ClCompile Include="InfernoEngine\SimpleWindow.cpp">
      <Filter>InfernoEngine</Filter>
    </ClCompile>
    <ClCompile Include="InfernoEngine\Input.cpp">
      <Filter>InfernoEngine</Filter>
    </ClCompile>
    <ClCompile Include="Main.cpp">
      <Filter>Source</Filter>
    </ClCompile>
    <ClCompile Include="InfernoEngine\Game.cpp">
      <Filter>InfernoEngine</Filter>
    </ClCompile>
    <ClCompile Include="InfernoEngine\GraphicsDirectX9X.cpp">
      <Filter>InfernoEngine</Filter>
    </ClCompile>
    <ClCompile Include="InfernoEngine\MyTypes.cpp">
      <Filter>InfernoEngine</Filter>
    </ClCompile>
    <ClCompile Include="MarioMain.cpp">
      <Filter>Source</Filter>
    </ClCompile>
    <ClCompile Include="InfernoEngine\Idea.cpp">
      <Filter>InfernoEngine</Filter>
    </ClCompile>
    <ClCompile Include="InfernoEngine\Substance.cpp">
      <Filter>InfernoEngine</Filter>
    </ClCompile>
    <ClCompile Include="InfernoEngine\Timer.cpp">
      <Filter>InfernoEngine</Filter>
    </ClCompile>
    <ClCompile Include="InfernoEngine\Texture.cpp">
      <Filter>InfernoEngine</Filter>
    </ClCompile>
    <ClCompile Include="InfernoEngine\CollisionDetector.cpp">
      <Filter>InfernoEngine</Filter>
    </ClCompile>
    <ClCompile Include="InfernoEngine\Gamepad.cpp">
      <Filter>InfernoEngine</Filter>
    </ClCompile>
  </ItemGroup>
  <ItemGroup>
    <ClInclude Include="InfernoEngine\SimpleWindow.h">
      <Filter>InfernoEngine</Filter>
    </ClInclude>
    <ClInclude Include="InfernoEngine\Input.h">
      <Filter>InfernoEngine</Filter>
    </ClInclude>
    <ClInclude Include="InfernoEngine\Game.h">
      <Filter>InfernoEngine</Filter>
    </ClInclude>
    <ClInclude Include="InfernoEngine\Graphics.h">
      <Filter>InfernoEngine</Filter>
    </ClInclude>
    <ClInclude Include="InfernoEngine\MyTypes.h">
      <Filter>InfernoEngine</Filter>
    </ClInclude>
    <ClInclude Include="InfernoEngine\Common.h">
      <Filter>InfernoEngine</Filter>
    </ClInclude>
    <ClInclude Include="MarioMain.h">
      <Filter>Source</Filter>
    </ClInclude>
    <ClInclude Include="InfernoEngine\GameElements.h">
      <Filter>InfernoEngine</Filter>
    </ClInclude>
    <ClInclude Include="InfernoEngine\Timer.h">
      <Filter>InfernoEngine</Filter>
    </ClInclude>
    <ClInclude Include="InfernoEngine\Texture.h">
      <Filter>InfernoEngine</Filter>
    </ClInclude>
    <ClInclude Include="InfernoEngine\Collision.h">
      <Filter>InfernoEngine</Filter>
    </ClInclude>
    <ClInclude Include="InfernoEngine\InfernoException.h">
      <Filter>InfernoEngine</Filter>
    </ClInclude>
    <ClInclude Include="InfernoEngine\Inferno.h">
      <Filter>InfernoEngine</Filter>
    </ClInclude>
    <ClInclude Include="InfernoEngine\Gamepad.h">
      <Filter>InfernoEngine</Filter>
    </ClInclude>
  </ItemGroup>
  <ItemGroup>
    <Image Include="Resource\teki.bmp">
      <Filter>Resource</Filter>
    </Image>
  </ItemGroup>
</Project>